// !$*UTF8*$!
{
	archiveVersion = 1;
	classes = {
	};
	objectVersion = 46;
	objects = {

/* Begin PBXBuildFile section */
		20409C061A4A7EC60087C8A2 /* AppDelegate.swift in Sources */ = {isa = PBXBuildFile; fileRef = 20409C051A4A7EC60087C8A2 /* AppDelegate.swift */; };
		20409C081A4A7EC60087C8A2 /* NewsViewController.swift in Sources */ = {isa = PBXBuildFile; fileRef = 20409C071A4A7EC60087C8A2 /* NewsViewController.swift */; };
		20409C0B1A4A7EC60087C8A2 /* Main.storyboard in Resources */ = {isa = PBXBuildFile; fileRef = 20409C091A4A7EC60087C8A2 /* Main.storyboard */; };
		20409C0D1A4A7EC60087C8A2 /* Images.xcassets in Resources */ = {isa = PBXBuildFile; fileRef = 20409C0C1A4A7EC60087C8A2 /* Images.xcassets */; };
		20409C101A4A7EC70087C8A2 /* LaunchScreen.xib in Resources */ = {isa = PBXBuildFile; fileRef = 20409C0E1A4A7EC70087C8A2 /* LaunchScreen.xib */; };
		20409C1C1A4A7EC70087C8A2 /* test1Tests.swift in Sources */ = {isa = PBXBuildFile; fileRef = 20409C1B1A4A7EC70087C8A2 /* test1Tests.swift */; };
		20AABC201A4C15CE00205B75 /* JSONLib.swift in Sources */ = {isa = PBXBuildFile; fileRef = 20AABC1F1A4C15CE00205B75 /* JSONLib.swift */; };
		20AABC221A4D422400205B75 /* NewsList.swift in Sources */ = {isa = PBXBuildFile; fileRef = 20AABC211A4D422400205B75 /* NewsList.swift */; };
		20AABC241A511A3F00205B75 /* DetailViewController.swift in Sources */ = {isa = PBXBuildFile; fileRef = 20AABC231A511A3F00205B75 /* DetailViewController.swift */; };
		20AABC261A515E4E00205B75 /* NewsArticle.swift in Sources */ = {isa = PBXBuildFile; fileRef = 20AABC251A515E4E00205B75 /* NewsArticle.swift */; };
/* End PBXBuildFile section */

/* Begin PBXContainerItemProxy section */
		20409C161A4A7EC70087C8A2 /* PBXContainerItemProxy */ = {
			isa = PBXContainerItemProxy;
			containerPortal = 20409BF81A4A7EC60087C8A2 /* Project object */;
			proxyType = 1;
			remoteGlobalIDString = 20409BFF1A4A7EC60087C8A2;
			remoteInfo = test1;
		};
/* End PBXContainerItemProxy section */

/* Begin PBXFileReference section */
		20409C001A4A7EC60087C8A2 /* test1.app */ = {isa = PBXFileReference; explicitFileType = wrapper.application; includeInIndex = 0; path = test1.app; sourceTree = BUILT_PRODUCTS_DIR; };
		20409C041A4A7EC60087C8A2 /* Info.plist */ = {isa = PBXFileReference; lastKnownFileType = text.plist.xml; path = Info.plist; sourceTree = "<group>"; };
		20409C051A4A7EC60087C8A2 /* AppDelegate.swift */ = {isa = PBXFileReference; lastKnownFileType = sourcecode.swift; path = AppDelegate.swift; sourceTree = "<group>"; };
		20409C071A4A7EC60087C8A2 /* NewsViewController.swift */ = {isa = PBXFileReference; lastKnownFileType = sourcecode.swift; path = NewsViewController.swift; sourceTree = "<group>"; };
		20409C0A1A4A7EC60087C8A2 /* Base */ = {isa = PBXFileReference; lastKnownFileType = file.storyboard; name = Base; path = Base.lproj/Main.storyboard; sourceTree = "<group>"; };
		20409C0C1A4A7EC60087C8A2 /* Images.xcassets */ = {isa = PBXFileReference; lastKnownFileType = folder.assetcatalog; path = Images.xcassets; sourceTree = "<group>"; };
		20409C0F1A4A7EC70087C8A2 /* Base */ = {isa = PBXFileReference; lastKnownFileType = file.xib; name = Base; path = Base.lproj/LaunchScreen.xib; sourceTree = "<group>"; };
		20409C151A4A7EC70087C8A2 /* test1Tests.xctest */ = {isa = PBXFileReference; explicitFileType = wrapper.cfbundle; includeInIndex = 0; path = test1Tests.xctest; sourceTree = BUILT_PRODUCTS_DIR; };
		20409C1A1A4A7EC70087C8A2 /* Info.plist */ = {isa = PBXFileReference; lastKnownFileType = text.plist.xml; path = Info.plist; sourceTree = "<group>"; };
		20409C1B1A4A7EC70087C8A2 /* test1Tests.swift */ = {isa = PBXFileReference; lastKnownFileType = sourcecode.swift; path = test1Tests.swift; sourceTree = "<group>"; };
		20AABC1F1A4C15CE00205B75 /* JSONLib.swift */ = {isa = PBXFileReference; fileEncoding = 4; lastKnownFileType = sourcecode.swift; path = JSONLib.swift; sourceTree = "<group>"; };
		20AABC211A4D422400205B75 /* NewsList.swift */ = {isa = PBXFileReference; fileEncoding = 4; lastKnownFileType = sourcecode.swift; path = NewsList.swift; sourceTree = "<group>"; };
		20AABC231A511A3F00205B75 /* DetailViewController.swift */ = {isa = PBXFileReference; fileEncoding = 4; lastKnownFileType = sourcecode.swift; path = DetailViewController.swift; sourceTree = "<group>"; };
		20AABC251A515E4E00205B75 /* NewsArticle.swift */ = {isa = PBXFileReference; fileEncoding = 4; lastKnownFileType = sourcecode.swift; path = NewsArticle.swift; sourceTree = "<group>"; };
/* End PBXFileReference section */

/* Begin PBXFrameworksBuildPhase section */
		20409BFD1A4A7EC60087C8A2 /* Frameworks */ = {
			isa = PBXFrameworksBuildPhase;
			buildActionMask = 2147483647;
			files = (
			);
			runOnlyForDeploymentPostprocessing = 0;
		};
		20409C121A4A7EC70087C8A2 /* Frameworks */ = {
			isa = PBXFrameworksBuildPhase;
			buildActionMask = 2147483647;
			files = (
			);
			runOnlyForDeploymentPostprocessing = 0;
		};
/* End PBXFrameworksBuildPhase section */

/* Begin PBXGroup section */
		20409BF71A4A7EC60087C8A2 = {
			isa = PBXGroup;
			children = (
				20409C021A4A7EC60087C8A2 /* test1 */,
				20409C181A4A7EC70087C8A2 /* test1Tests */,
				20409C011A4A7EC60087C8A2 /* Products */,
			);
			sourceTree = "<group>";
		};
		20409C011A4A7EC60087C8A2 /* Products */ = {
			isa = PBXGroup;
			children = (
				20409C001A4A7EC60087C8A2 /* test1.app */,
				20409C151A4A7EC70087C8A2 /* test1Tests.xctest */,
			);
			name = Products;
			sourceTree = "<group>";
		};
		20409C021A4A7EC60087C8A2 /* test1 */ = {
			isa = PBXGroup;
			children = (
				20409C051A4A7EC60087C8A2 /* AppDelegate.swift */,
				20409C071A4A7EC60087C8A2 /* NewsViewController.swift */,
				20AABC231A511A3F00205B75 /* DetailViewController.swift */,
				20409C091A4A7EC60087C8A2 /* Main.storyboard */,
				20409C0C1A4A7EC60087C8A2 /* Images.xcassets */,
				20409C0E1A4A7EC70087C8A2 /* LaunchScreen.xib */,
				20AABC1F1A4C15CE00205B75 /* JSONLib.swift */,
				20AABC251A515E4E00205B75 /* NewsArticle.swift */,
				20AABC211A4D422400205B75 /* NewsList.swift */,
				20409C031A4A7EC60087C8A2 /* Supporting Files */,
			);
			path = test1;
			sourceTree = "<group>";
		};
		20409C031A4A7EC60087C8A2 /* Supporting Files */ = {
			isa = PBXGroup;
			children = (
				20409C041A4A7EC60087C8A2 /* Info.plist */,
			);
			name = "Supporting Files";
			sourceTree = "<group>";
		};
		20409C181A4A7EC70087C8A2 /* test1Tests */ = {
			isa = PBXGroup;
			children = (
				20409C1B1A4A7EC70087C8A2 /* test1Tests.swift */,
				20409C191A4A7EC70087C8A2 /* Supporting Files */,
			);
			path = test1Tests;
			sourceTree = "<group>";
		};
		20409C191A4A7EC70087C8A2 /* Supporting Files */ = {
			isa = PBXGroup;
			children = (
				20409C1A1A4A7EC70087C8A2 /* Info.plist */,
			);
			name = "Supporting Files";
			sourceTree = "<group>";
		};
/* End PBXGroup section */

/* Begin PBXNativeTarget section */
		20409BFF1A4A7EC60087C8A2 /* test1 */ = {
			isa = PBXNativeTarget;
			buildConfigurationList = 20409C1F1A4A7EC70087C8A2 /* Build configuration list for PBXNativeTarget "test1" */;
			buildPhases = (
				20409BFC1A4A7EC60087C8A2 /* Sources */,
				20409BFD1A4A7EC60087C8A2 /* Frameworks */,
				20409BFE1A4A7EC60087C8A2 /* Resources */,
			);
			buildRules = (
			);
			dependencies = (
			);
			name = test1;
			productName = test1;
			productReference = 20409C001A4A7EC60087C8A2 /* test1.app */;
			productType = "com.apple.product-type.application";
		};
		20409C141A4A7EC70087C8A2 /* test1Tests */ = {
			isa = PBXNativeTarget;
			buildConfigurationList = 20409C221A4A7EC70087C8A2 /* Build configuration list for PBXNativeTarget "test1Tests" */;
			buildPhases = (
				20409C111A4A7EC70087C8A2 /* Sources */,
				20409C121A4A7EC70087C8A2 /* Frameworks */,
				20409C131A4A7EC70087C8A2 /* Resources */,
			);
			buildRules = (
			);
			dependencies = (
				20409C171A4A7EC70087C8A2 /* PBXTargetDependency */,
			);
			name = test1Tests;
			productName = test1Tests;
			productReference = 20409C151A4A7EC70087C8A2 /* test1Tests.xctest */;
			productType = "com.apple.product-type.bundle.unit-test";
		};
/* End PBXNativeTarget section */

/* Begin PBXProject section */
		20409BF81A4A7EC60087C8A2 /* Project object */ = {
			isa = PBXProject;
			attributes = {
				LastUpgradeCheck = 0610;
				ORGANIZATIONNAME = "ABC Startsiden AS";
				TargetAttributes = {
					20409BFF1A4A7EC60087C8A2 = {
						CreatedOnToolsVersion = 6.1.1;
					};
					20409C141A4A7EC70087C8A2 = {
						CreatedOnToolsVersion = 6.1.1;
						TestTargetID = 20409BFF1A4A7EC60087C8A2;
					};
				};
			};
			buildConfigurationList = 20409BFB1A4A7EC60087C8A2 /* Build configuration list for PBXProject "test1" */;
			compatibilityVersion = "Xcode 3.2";
			developmentRegion = English;
			hasScannedForEncodings = 0;
			knownRegions = (
				en,
				Base,
			);
			mainGroup = 20409BF71A4A7EC60087C8A2;
			productRefGroup = 20409C011A4A7EC60087C8A2 /* Products */;
			projectDirPath = "";
			projectRoot = "";
			targets = (
				20409BFF1A4A7EC60087C8A2 /* test1 */,
				20409C141A4A7EC70087C8A2 /* test1Tests */,
			);
		};
/* End PBXProject section */

/* Begin PBXResourcesBuildPhase section */
		20409BFE1A4A7EC60087C8A2 /* Resources */ = {
			isa = PBXResourcesBuildPhase;
			buildActionMask = 2147483647;
			files = (
				20409C0B1A4A7EC60087C8A2 /* Main.storyboard in Resources */,
				20409C101A4A7EC70087C8A2 /* LaunchScreen.xib in Resources */,
				20409C0D1A4A7EC60087C8A2 /* Images.xcassets in Resources */,
			);
			runOnlyForDeploymentPostprocessing = 0;
		};
		20409C131A4A7EC70087C8A2 /* Resources */ = {
			isa = PBXResourcesBuildPhase;
			buildActionMask = 2147483647;
			files = (
			);
			runOnlyForDeploymentPostprocessing = 0;
		};
/* End PBXResourcesBuildPhase section */

/* Begin PBXSourcesBuildPhase section */
		20409BFC1A4A7EC60087C8A2 /* Sources */ = {
			isa = PBXSourcesBuildPhase;
			buildActionMask = 2147483647;
			files = (
				20409C081A4A7EC60087C8A2 /* NewsViewController.swift in Sources */,
				20AABC261A515E4E00205B75 /* NewsArticle.swift in Sources */,
				20AABC201A4C15CE00205B75 /* JSONLib.swift in Sources */,
				20AABC241A511A3F00205B75 /* DetailViewController.swift in Sources */,
				20AABC221A4D422400205B75 /* NewsList.swift in Sources */,
				20409C061A4A7EC60087C8A2 /* AppDelegate.swift in Sources */,
			);
			runOnlyForDeploymentPostprocessing = 0;
		};
		20409C111A4A7EC70087C8A2 /* Sources */ = {
			isa = PBXSourcesBuildPhase;
			buildActionMask = 2147483647;
			files = (
				20409C1C1A4A7EC70087C8A2 /* test1Tests.swift in Sources */,
			);
			runOnlyForDeploymentPostprocessing = 0;
		};
/* End PBXSourcesBuildPhase section */

/* Begin PBXTargetDependency section */
		20409C171A4A7EC70087C8A2 /* PBXTargetDependency */ = {
			isa = PBXTargetDependency;
			target = 20409BFF1A4A7EC60087C8A2 /* test1 */;
			targetProxy = 20409C161A4A7EC70087C8A2 /* PBXContainerItemProxy */;
		};
/* End PBXTargetDependency section */

/* Begin PBXVariantGroup section */
		20409C091A4A7EC60087C8A2 /* Main.storyboard */ = {
			isa = PBXVariantGroup;
			children = (
				20409C0A1A4A7EC60087C8A2 /* Base */,
			);
			name = Main.storyboard;
			sourceTree = "<group>";
		};
		20409C0E1A4A7EC70087C8A2 /* LaunchScreen.xib */ = {
			isa = PBXVariantGroup;
			children = (
				20409C0F1A4A7EC70087C8A2 /* Base */,
			);
			name = LaunchScreen.xib;
			sourceTree = "<group>";
		};
/* End PBXVariantGroup section */

/* Begin XCBuildConfiguration section */
		20409C1D1A4A7EC70087C8A2 /* Debug */ = {
			isa = XCBuildConfiguration;
			buildSettings = {
				ALWAYS_SEARCH_USER_PATHS = NO;
				CLANG_CXX_LANGUAGE_STANDARD = "gnu++0x";
				CLANG_CXX_LIBRARY = "libc++";
				CLANG_ENABLE_MODULES = YES;
				CLANG_ENABLE_OBJC_ARC = YES;
				CLANG_WARN_BOOL_CONVERSION = YES;
				CLANG_WARN_CONSTANT_CONVERSION = YES;
				CLANG_WARN_DIRECT_OBJC_ISA_USAGE = YES_ERROR;
				CLANG_WARN_EMPTY_BODY = YES;
				CLANG_WARN_ENUM_CONVERSION = YES;
				CLANG_WARN_INT_CONVERSION = YES;
				CLANG_WARN_OBJC_ROOT_CLASS = YES_ERROR;
				CLANG_WARN_UNREACHABLE_CODE = YES;
				CLANG_WARN__DUPLICATE_METHOD_MATCH = YES;
				"CODE_SIGN_IDENTITY[sdk=iphoneos*]" = "iPhone Developer";
				COPY_PHASE_STRIP = NO;
				ENABLE_STRICT_OBJC_MSGSEND = YES;
				GCC_C_LANGUAGE_STANDARD = gnu99;
				GCC_DYNAMIC_NO_PIC = NO;
				GCC_OPTIMIZATION_LEVEL = 0;
				GCC_PREPROCESSOR_DEFINITIONS = (
					"DEBUG=1",
					"$(inherited)",
				);
				GCC_SYMBOLS_PRIVATE_EXTERN = NO;
				GCC_WARN_64_TO_32_BIT_CONVERSION = YES;
				GCC_WARN_ABOUT_RETURN_TYPE = YES_ERROR;
				GCC_WARN_UNDECLARED_SELECTOR = YES;
				GCC_WARN_UNINITIALIZED_AUTOS = YES_AGGRESSIVE;
				GCC_WARN_UNUSED_FUNCTION = YES;
				GCC_WARN_UNUSED_VARIABLE = YES;
				IPHONEOS_DEPLOYMENT_TARGET = 8.1;
				MTL_ENABLE_DEBUG_INFO = YES;
				ONLY_ACTIVE_ARCH = YES;
				SDKROOT = iphoneos;
				SWIFT_OPTIMIZATION_LEVEL = "-Onone";
			};
			name = Debug;
		};
		20409C1E1A4A7EC70087C8A2 /* Release */ = {
			isa = XCBuildConfiguration;
			buildSettings = {
				ALWAYS_SEARCH_USER_PATHS = NO;
				CLANG_CXX_LANGUAGE_STANDARD = "gnu++0x";
				CLANG_CXX_LIBRARY = "libc++";
				CLANG_ENABLE_MODULES = YES;
				CLANG_ENABLE_OBJC_ARC = YES;
				CLANG_WARN_BOOL_CONVERSION = YES;
				CLANG_WARN_CONSTANT_CONVERSION = YES;
				CLANG_WARN_DIRECT_OBJC_ISA_USAGE = YES_ERROR;
				CLANG_WARN_EMPTY_BODY = YES;
				CLANG_WARN_ENUM_CONVERSION = YES;
				CLANG_WARN_INT_CONVERSION = YES;
				CLANG_WARN_OBJC_ROOT_CLASS = YES_ERROR;
				CLANG_WARN_UNREACHABLE_CODE = YES;
				CLANG_WARN__DUPLICATE_METHOD_MATCH = YES;
				"CODE_SIGN_IDENTITY[sdk=iphoneos*]" = "iPhone Developer";
				COPY_PHASE_STRIP = YES;
				ENABLE_NS_ASSERTIONS = NO;
				ENABLE_STRICT_OBJC_MSGSEND = YES;
				GCC_C_LANGUAGE_STANDARD = gnu99;
				GCC_WARN_64_TO_32_BIT_CONVERSION = YES;
				GCC_WARN_ABOUT_RETURN_TYPE = YES_ERROR;
				GCC_WARN_UNDECLARED_SELECTOR = YES;
				GCC_WARN_UNINITIALIZED_AUTOS = YES_AGGRESSIVE;
				GCC_WARN_UNUSED_FUNCTION = YES;
				GCC_WARN_UNUSED_VARIABLE = YES;
				IPHONEOS_DEPLOYMENT_TARGET = 8.1;
				MTL_ENABLE_DEBUG_INFO = NO;
				SDKROOT = iphoneos;
				VALIDATE_PRODUCT = YES;
			};
			name = Release;
		};
		20409C201A4A7EC70087C8A2 /* Debug */ = {
			isa = XCBuildConfiguration;
			buildSettings = {
				ASSETCATALOG_COMPILER_APPICON_NAME = AppIcon;
				INFOPLIST_FILE = test1/Info.plist;
				LD_RUNPATH_SEARCH_PATHS = "$(inherited) @executable_path/Frameworks";
				PRODUCT_NAME = "$(TARGET_NAME)";
			};
			name = Debug;
		};
		20409C211A4A7EC70087C8A2 /* Release */ = {
			isa = XCBuildConfiguration;
			buildSettings = {
				ASSETCATALOG_COMPILER_APPICON_NAME = AppIcon;
				INFOPLIST_FILE = test1/Info.plist;
				LD_RUNPATH_SEARCH_PATHS = "$(inherited) @executable_path/Frameworks";
				PRODUCT_NAME = "$(TARGET_NAME)";
			};
			name = Release;
		};
		20409C231A4A7EC70087C8A2 /* Debug */ = {
			isa = XCBuildConfiguration;
			buildSettings = {
				BUNDLE_LOADER = "$(TEST_HOST)";
				FRAMEWORK_SEARCH_PATHS = (
					"$(SDKROOT)/Developer/Library/Frameworks",
					"$(inherited)",
				);
				GCC_PREPROCESSOR_DEFINITIONS = (
					"DEBUG=1",
					"$(inherited)",
				);
				INFOPLIST_FILE = test1Tests/Info.plist;
				LD_RUNPATH_SEARCH_PATHS = "$(inherited) @executable_path/Frameworks @loader_path/Frameworks";
				PRODUCT_NAME = "$(TARGET_NAME)";
				TEST_HOST = "$(BUILT_PRODUCTS_DIR)/test1.app/test1";
			};
			name = Debug;
		};
		20409C241A4A7EC70087C8A2 /* Release */ = {
			isa = XCBuildConfiguration;
			buildSettings = {
				BUNDLE_LOADER = "$(TEST_HOST)";
				FRAMEWORK_SEARCH_PATHS = (
					"$(SDKROOT)/Developer/Library/Frameworks",
					"$(inherited)",
				);
				INFOPLIST_FILE = test1Tests/Info.plist;
				LD_RUNPATH_SEARCH_PATHS = "$(inherited) @executable_path/Frameworks @loader_path/Frameworks";
				PRODUCT_NAME = "$(TARGET_NAME)";
				TEST_HOST = "$(BUILT_PRODUCTS_DIR)/test1.app/test1";
			};
			name = Release;
		};
/* End XCBuildConfiguration section */

/* Begin XCConfigurationList section */
		20409BFB1A4A7EC60087C8A2 /* Build configuration list for PBXProject "test1" */ = {
			isa = XCConfigurationList;
			buildConfigurations = (
				20409C1D1A4A7EC70087C8A2 /* Debug */,
				20409C1E1A4A7EC70087C8A2 /* Release */,
			);
			defaultConfigurationIsVisible = 0;
			defaultConfigurationName = Release;
		};
		20409C1F1A4A7EC70087C8A2 /* Build configuration list for PBXNativeTarget "test1" */ = {
			isa = XCConfigurationList;
			buildConfigurations = (
				20409C201A4A7EC70087C8A2 /* Debug */,
				20409C211A4A7EC70087C8A2 /* Release */,
			);
			defaultConfigurationIsVisible = 0;
			defaultConfigurationName = Release;
		};
		20409C221A4A7EC70087C8A2 /* Build configuration list for PBXNativeTarget "test1Tests" */ = {
			isa = XCConfigurationList;
			buildConfigurations = (
				20409C231A4A7EC70087C8A2 /* Debug */,
				20409C241A4A7EC70087C8A2 /* Release */,
			);
			defaultConfigurationIsVisible = 0;
			defaultConfigurationName = Release;
		};
/* End XCConfigurationList section */
	};
	rootObject = 20409BF81A4A7EC60087C8A2 /* Project object */;
}
